{
    "_readme": [
        "This file locks the dependencies of your project to a known state",
        "Read more about it at https://getcomposer.org/doc/01-basic-usage.md#installing-dependencies",
        "This file is @generated automatically"
    ],
    "content-hash": "13914915d1c49e17b7b437aafeffdf79",
    "packages": [
        {
            "name": "brickphp/brickphp",
            "version": "dev-main",
            "dist": {
                "type": "path",
                "url": "../brickphp",
                "reference": "51a26dec2a1ba3c57a4aad095d33a5e5259bfa9c"
            },
            "require": {
                "php": ">=8.1"
            },
            "require-dev": {
                "phpunit/phpunit": "^11.0"
            },
            "type": "library",
            "autoload": {
                "psr-4": {
                    "BrickPHP\\": "src/"
                }
            },
            "autoload-dev": {
                "psr-4": {
                    "BrickPHP\\Tests\\": "tests/"
                }
            },
            "license": [
                "MIT"
            ],
            "authors": [
                {
                    "name": "Willem Bijker",
                    "email": "willem@itecho.co.za"
                }
            ],
            "description": "Server-powered web applications, built brick by brick — entirely in PHP. No JavaScript framework, no build pipeline, no Node.",
            "homepage": "https://github.com/wbijker/brickphp",
            "keywords": [
                "components",
                "framework",
                "hmr",
                "no-js",
                "server-driven",
                "ssr",
                "ui"
            ],
            "transport-options": {
                "relative": true
            }
        },
        {
            "name": "itecho/codequery",
            "version": "1.0.0",
            "dist": {
                "type": "path",
                "url": "../codequery",
                "reference": "204839f50ed79bb59446c90166fcebb2011a5364"
            },
            "require": {
                "php": ">=8.0"
            },
            "type": "library",
            "autoload": {
                "psr-4": {
                    "CodeQuery\\": "CodeQuery/"
                },
                "files": []
            },
            "transport-options": {
                "relative": true
            }
        },
        {
            "name": "itecho/heroicons",
            "version": "1.0.0",
            "dist": {
                "type": "path",
                "url": "../heroicons",
                "reference": "21cdfd7e39c952f6a07be6882107b75cb3bf211c"
            },
            "require": {
                "brickphp/brickphp": "*",
                "php": ">=8.0"
            },
            "type": "library",
            "autoload": {
                "psr-4": {
                    "HeroIcons\\": "HeroIcons/"
                },
                "files": []
            },
            "transport-options": {
                "relative": true
            }
        },
        {
            "name": "samples/docs",
            "version": "1.0.0",
            "dist": {
                "type": "path",
                "url": "../samples/Docs",
                "reference": "fe2943aa1df00fdc43507a1f13144aa885577205"
            },
            "require": {
                "brickphp/brickphp": "*",
                "php": ">=8.0"
            },
            "type": "library",
            "autoload": {
                "psr-4": {
                    "Samples\\Docs\\": "src/"
                }
            },
            "transport-options": {
                "relative": true
            }
        },
        {
            "name": "samples/flag-quiz",
            "version": "1.0.0",
            "dist": {
                "type": "path",
                "url": "../samples/FlagQuiz",
                "reference": "d3fdc284b14c258c66527ca8a7b8c1bf998874e3"
            },
            "require": {
                "brickphp/brickphp": "*",
                "php": ">=8.0"
            },
            "type": "library",
            "autoload": {
                "psr-4": {
                    "Samples\\FlagQuiz\\": "src/"
                }
            },
            "transport-options": {
                "relative": true
            }
        },
        {
            "name": "samples/news",
            "version": "1.0.0",
            "dist": {
                "type": "path",
                "url": "../samples/News",
                "reference": "dd4efe953dc716c04f4739df6007340919de1489"
            },
            "require": {
                "brickphp/brickphp": "*",
                "php": ">=8.0"
            },
            "type": "library",
            "autoload": {
                "psr-4": {
                    "Samples\\News\\": "src/"
                }
            },
            "transport-options": {
                "relative": true
            }
        },
        {
            "name": "samples/site-app",
            "version": "1.0.0",
            "dist": {
                "type": "path",
                "url": "../samples/SiteApp",
                "reference": "df1f262780aecb3488b477217a34150897919b21"
            },
            "require": {
                "brickphp/brickphp": "*",
                "php": ">=8.0"
            },
            "type": "library",
            "autoload": {
                "psr-4": {
                    "Samples\\SiteApp\\": "src/"
                }
            },
            "transport-options": {
                "relative": true
            }
        },
        {
            "name": "samples/todo-app",
            "version": "1.0.0",
            "dist": {
                "type": "path",
                "url": "../samples/TodoApp",
                "reference": "8b29f9a2441ffc375eeeafb0474e2401711d0c91"
            },
            "require": {
                "brickphp/brickphp": "*",
                "php": ">=8.0"
            },
            "type": "library",
            "autoload": {
                "psr-4": {
                    "Samples\\TodoApp\\": "src/"
                }
            },
            "transport-options": {
                "relative": true
            }
        }
    ],
    "packages-dev": [],
    "aliases": [],
    "minimum-stability": "dev",
    "stability-flags": {},
    "prefer-stable": true,
    "prefer-lowest": false,
    "platform": {
        "ext-json": "*",
        "ext-zlib": "*"
    },
    "platform-dev": {},
    "plugin-api-version": "2.9.0"
}
